// !$*UTF8*$!
{
	archiveVersion = 1;
	classes = {
	};
	objectVersion = 48;
	objects = {

/* Begin PBXBuildFile section */
		C0F0E603207A224600222E9B /* AppDelegate.m in Sources */ = {isa = PBXBuildFile; fileRef = C0F0E602207A224600222E9B /* AppDelegate.m */; };
		C0F0E606207A224600222E9B /* ViewController.m in Sources */ = {isa = PBXBuildFile; fileRef = C0F0E605207A224600222E9B /* ViewController.m */; };
		C0F0E609207A224600222E9B /* Main.storyboard in Resources */ = {isa = PBXBuildFile; fileRef = C0F0E607207A224600222E9B /* Main.storyboard */; };
		C0F0E60B207A224600222E9B /* Assets.xcassets in Resources */ = {isa = PBXBuildFile; fileRef = C0F0E60A207A224600222E9B /* Assets.xcassets */; };
		C0F0E60E207A224600222E9B /* LaunchScreen.storyboard in Resources */ = {isa = PBXBuildFile; fileRef = C0F0E60C207A224600222E9B /* LaunchScreen.storyboard */; };
		C0F0E611207A224600222E9B /* main.m in Sources */ = {isa = PBXBuildFile; fileRef = C0F0E610207A224600222E9B /* main.m */; };
		C0F0E61B207A224600222E9B /* layerTTests.m in Sources */ = {isa = PBXBuildFile; fileRef = C0F0E61A207A224600222E9B /* layerTTests.m */; };
		C0F0E626207A224600222E9B /* layerTUITests.m in Sources */ = {isa = PBXBuildFile; fileRef = C0F0E625207A224600222E9B /* layerTUITests.m */; };
/* End PBXBuildFile section */

/* Begin PBXContainerItemProxy section */
		C0F0E617207A224600222E9B /* PBXContainerItemProxy */ = {
			isa = PBXContainerItemProxy;
			containerPortal = C0F0E5F6207A224600222E9B /* Project object */;
			proxyType = 1;
			remoteGlobalIDString = C0F0E5FD207A224600222E9B;
			remoteInfo = layerT;
		};
		C0F0E622207A224600222E9B /* PBXContainerItemProxy */ = {
			isa = PBXContainerItemProxy;
			containerPortal = C0F0E5F6207A224600222E9B /* Project object */;
			proxyType = 1;
			remoteGlobalIDString = C0F0E5FD207A224600222E9B;
			remoteInfo = layerT;
		};
/* End PBXContainerItemProxy section */

/* Begin PBXFileReference section */
		C0F0E5FE207A224600222E9B /* layerT.app */ = {isa = PBXFileReference; explicitFileType = wrapper.application; includeInIndex = 0; path = layerT.app; sourceTree = BUILT_PRODUCTS_DIR; };
		C0F0E601207A224600222E9B /* AppDelegate.h */ = {isa = PBXFileReference; lastKnownFileType = sourcecode.c.h; path = AppDelegate.h; sourceTree = "<group>"; };
		C0F0E602207A224600222E9B /* AppDelegate.m */ = {isa = PBXFileReference; lastKnownFileType = sourcecode.c.objc; path = AppDelegate.m; sourceTree = "<group>"; };
		C0F0E604207A224600222E9B /* ViewController.h */ = {isa = PBXFileReference; lastKnownFileType = sourcecode.c.h; path = ViewController.h; sourceTree = "<group>"; };
		C0F0E605207A224600222E9B /* ViewController.m */ = {isa = PBXFileReference; lastKnownFileType = sourcecode.c.objc; path = ViewController.m; sourceTree = "<group>"; };
		C0F0E608207A224600222E9B /* Base */ = {isa = PBXFileReference; lastKnownFileType = file.storyboard; name = Base; path = Base.lproj/Main.storyboard; sourceTree = "<group>"; };
		C0F0E60A207A224600222E9B /* Assets.xcassets */ = {isa = PBXFileReference; lastKnownFileType = folder.assetcatalog; path = Assets.xcassets; sourceTree = "<group>"; };
		C0F0E60D207A224600222E9B /* Base */ = {isa = PBXFileReference; lastKnownFileType = file.storyboard; name = Base; path = Base.lproj/LaunchScreen.storyboard; sourceTree = "<group>"; };
		C0F0E60F207A224600222E9B /* Info.plist */ = {isa = PBXFileReference; lastKnownFileType = text.plist.xml; path = Info.plist; sourceTree = "<group>"; };
		C0F0E610207A224600222E9B /* main.m */ = {isa = PBXFileReference; lastKnownFileType = sourcecode.c.objc; path = main.m; sourceTree = "<group>"; };
		C0F0E616207A224600222E9B /* layerTTests.xctest */ = {isa = PBXFileReference; explicitFileType = wrapper.cfbundle; includeInIndex = 0; path = layerTTests.xctest; sourceTree = BUILT_PRODUCTS_DIR; };
		C0F0E61A207A224600222E9B /* layerTTests.m */ = {isa = PBXFileReference; lastKnownFileType = sourcecode.c.objc; path = layerTTests.m; sourceTree = "<group>"; };
		C0F0E61C207A224600222E9B /* Info.plist */ = {isa = PBXFileReference; lastKnownFileType = text.plist.xml; path = Info.plist; sourceTree = "<group>"; };
		C0F0E621207A224600222E9B /* layerTUITests.xctest */ = {isa = PBXFileReference; explicitFileType = wrapper.cfbundle; includeInIndex = 0; path = layerTUITests.xctest; sourceTree = BUILT_PRODUCTS_DIR; };
		C0F0E625207A224600222E9B /* layerTUITests.m */ = {isa = PBXFileReference; lastKnownFileType = sourcecode.c.objc; path = layerTUITests.m; sourceTree = "<group>"; };
		C0F0E627207A224600222E9B /* Info.plist */ = {isa = PBXFileReference; lastKnownFileType = text.plist.xml; path = Info.plist; sourceTree = "<group>"; };
/* End PBXFileReference section */

/* Begin PBXFrameworksBuildPhase section */
		C0F0E5FB207A224600222E9B /* Frameworks */ = {
			isa = PBXFrameworksBuildPhase;
			buildActionMask = 2147483647;
			files = (
			);
			runOnlyForDeploymentPostprocessing = 0;
		};
		C0F0E613207A224600222E9B /* Frameworks */ = {
			isa = PBXFrameworksBuildPhase;
			buildActionMask = 2147483647;
			files = (
			);
			runOnlyForDeploymentPostprocessing = 0;
		};
		C0F0E61E207A224600222E9B /* Frameworks */ = {
			isa = PBXFrameworksBuildPhase;
			buildActionMask = 2147483647;
			files = (
			);
			runOnlyForDeploymentPostprocessing = 0;
		};
/* End PBXFrameworksBuildPhase section */

/* Begin PBXGroup section */
		C0F0E5F5207A224600222E9B = {
			isa = PBXGroup;
			children = (
				C0F0E600207A224600222E9B /* layerT */,
				C0F0E619207A224600222E9B /* layerTTests */,
				C0F0E624207A224600222E9B /* layerTUITests */,
				C0F0E5FF207A224600222E9B /* Products */,
			);
			sourceTree = "<group>";
		};
		C0F0E5FF207A224600222E9B /* Products */ = {
			isa = PBXGroup;
			children = (
				C0F0E5FE207A224600222E9B /* layerT.app */,
				C0F0E616207A224600222E9B /* layerTTests.xctest */,
				C0F0E621207A224600222E9B /* layerTUITests.xctest */,
			);
			name = Products;
			sourceTree = "<group>";
		};
		C0F0E600207A224600222E9B /* layerT */ = {
			isa = PBXGroup;
			children = (
				C0F0E601207A224600222E9B /* AppDelegate.h */,
				C0F0E602207A224600222E9B /* AppDelegate.m */,
				C0F0E604207A224600222E9B /* ViewController.h */,
				C0F0E605207A224600222E9B /* ViewController.m */,
				C0F0E607207A224600222E9B /* Main.storyboard */,
				C0F0E60A207A224600222E9B /* Assets.xcassets */,
				C0F0E60C207A224600222E9B /* LaunchScreen.storyboard */,
				C0F0E60F207A224600222E9B /* Info.plist */,
				C0F0E610207A224600222E9B /* main.m */,
			);
			path = layerT;
			sourceTree = "<group>";
		};
		C0F0E619207A224600222E9B /* layerTTests */ = {
			isa = PBXGroup;
			children = (
				C0F0E61A207A224600222E9B /* layerTTests.m */,
				C0F0E61C207A224600222E9B /* Info.plist */,
			);
			path = layerTTests;
			sourceTree = "<group>";
		};
		C0F0E624207A224600222E9B /* layerTUITests */ = {
			isa = PBXGroup;
			children = (
				C0F0E625207A224600222E9B /* layerTUITests.m */,
				C0F0E627207A224600222E9B /* Info.plist */,
			);
			path = layerTUITests;
			sourceTree = "<group>";
		};
/* End PBXGroup section */

/* Begin PBXNativeTarget section */
		C0F0E5FD207A224600222E9B /* layerT */ = {
			isa = PBXNativeTarget;
			buildConfigurationList = C0F0E62A207A224600222E9B /* Build configuration list for PBXNativeTarget "layerT" */;
			buildPhases = (
				C0F0E5FA207A224600222E9B /* Sources */,
				C0F0E5FB207A224600222E9B /* Frameworks */,
				C0F0E5FC207A224600222E9B /* Resources */,
			);
			buildRules = (
			);
			dependencies = (
			);
			name = layerT;
			productName = layerT;
			productReference = C0F0E5FE207A224600222E9B /* layerT.app */;
			productType = "com.apple.product-type.application";
		};
		C0F0E615207A224600222E9B /* layerTTests */ = {
			isa = PBXNativeTarget;
			buildConfigurationList = C0F0E62D207A224600222E9B /* Build configuration list for PBXNativeTarget "layerTTests" */;
			buildPhases = (
				C0F0E612207A224600222E9B /* Sources */,
				C0F0E613207A224600222E9B /* Frameworks */,
				C0F0E614207A224600222E9B /* Resources */,
			);
			buildRules = (
			);
			dependencies = (
				C0F0E618207A224600222E9B /* PBXTargetDependency */,
			);
			name = layerTTests;
			productName = layerTTests;
			productReference = C0F0E616207A224600222E9B /* layerTTests.xctest */;
			productType = "com.apple.product-type.bundle.unit-test";
		};
		C0F0E620207A224600222E9B /* layerTUITests */ = {
			isa = PBXNativeTarget;
			buildConfigurationList = C0F0E630207A224600222E9B /* Build configuration list for PBXNativeTarget "layerTUITests" */;
			buildPhases = (
				C0F0E61D207A224600222E9B /* Sources */,
				C0F0E61E207A224600222E9B /* Frameworks */,
				C0F0E61F207A224600222E9B /* Resources */,
			);
			buildRules = (
			);
			dependencies = (
				C0F0E623207A224600222E9B /* PBXTargetDependency */,
			);
			name = layerTUITests;
			productName = layerTUITests;
			productReference = C0F0E621207A224600222E9B /* layerTUITests.xctest */;
			productType = "com.apple.product-type.bundle.ui-testing";
		};
/* End PBXNativeTarget section */

/* Begin PBXProject section */
		C0F0E5F6207A224600222E9B /* Project object */ = {
			isa = PBXProject;
			attributes = {
				LastUpgradeCheck = 0920;
				ORGANIZATIONNAME = yangyouyong;
				TargetAttributes = {
					C0F0E5FD207A224600222E9B = {
						CreatedOnToolsVersion = 9.2;
						ProvisioningStyle = Automatic;
					};
					C0F0E615207A224600222E9B = {
						CreatedOnToolsVersion = 9.2;
						ProvisioningStyle = Automatic;
						TestTargetID = C0F0E5FD207A224600222E9B;
					};
					C0F0E620207A224600222E9B = {
						CreatedOnToolsVersion = 9.2;
						ProvisioningStyle = Automatic;
						TestTargetID = C0F0E5FD207A224600222E9B;
					};
				};
			};
			buildConfigurationList = C0F0E5F9207A224600222E9B /* Build configuration list for PBXProject "layerT" */;
			compatibilityVersion = "Xcode 8.0";
			developmentRegion = en;
			hasScannedForEncodings = 0;
			knownRegions = (
				en,
				Base,
			);
			mainGroup = C0F0E5F5207A224600222E9B;
			productRefGroup = C0F0E5FF207A224600222E9B /* Products */;
			projectDirPath = "";
			projectRoot = "";
			targets = (
				C0F0E5FD207A224600222E9B /* layerT */,
				C0F0E615207A224600222E9B /* layerTTests */,
				C0F0E620207A224600222E9B /* layerTUITests */,
			);
		};
/* End PBXProject section */

/* Begin PBXResourcesBuildPhase section */
		C0F0E5FC207A224600222E9B /* Resources */ = {
			isa = PBXResourcesBuildPhase;
			buildActionMask = 2147483647;
			files = (
				C0F0E60E207A224600222E9B /* LaunchScreen.storyboard in Resources */,
				C0F0E60B207A224600222E9B /* Assets.xcassets in Resources */,
				C0F0E609207A224600222E9B /* Main.storyboard in Resources */,
			);
			runOnlyForDeploymentPostprocessing = 0;
		};
		C0F0E614207A224600222E9B /* Resources */ = {
			isa = PBXResourcesBuildPhase;
			buildActionMask = 2147483647;
			files = (
			);
			runOnlyForDeploymentPostprocessing = 0;
		};
		C0F0E61F207A224600222E9B /* Resources */ = {
			isa = PBXResourcesBuildPhase;
			buildActionMask = 2147483647;
			files = (
			);
			runOnlyForDeploymentPostprocessing = 0;
		};
/* End PBXResourcesBuildPhase section */

/* Begin PBXSourcesBuildPhase section */
		C0F0E5FA207A224600222E9B /* Sources */ = {
			isa = PBXSourcesBuildPhase;
			buildActionMask = 2147483647;
			files = (
				C0F0E606207A224600222E9B /* ViewController.m in Sources */,
				C0F0E611207A224600222E9B /* main.m in Sources */,
				C0F0E603207A224600222E9B /* AppDelegate.m in Sources */,
			);
			runOnlyForDeploymentPostprocessing = 0;
		};
		C0F0E612207A224600222E9B /* Sources */ = {
			isa = PBXSourcesBuildPhase;
			buildActionMask = 2147483647;
			files = (
				C0F0E61B207A224600222E9B /* layerTTests.m in Sources */,
			);
			runOnlyForDeploymentPostprocessing = 0;
		};
		C0F0E61D207A224600222E9B /* Sources */ = {
			isa = PBXSourcesBuildPhase;
			buildActionMask = 2147483647;
			files = (
				C0F0E626207A224600222E9B /* layerTUITests.m in Sources */,
			);
			runOnlyForDeploymentPostprocessing = 0;
		};
/* End PBXSourcesBuildPhase section */

/* Begin PBXTargetDependency section */
		C0F0E618207A224600222E9B /* PBXTargetDependency */ = {
			isa = PBXTargetDependency;
			target = C0F0E5FD207A224600222E9B /* layerT */;
			targetProxy = C0F0E617207A224600222E9B /* PBXContainerItemProxy */;
		};
		C0F0E623207A224600222E9B /* PBXTargetDependency */ = {
			isa = PBXTargetDependency;
			target = C0F0E5FD207A224600222E9B /* layerT */;
			targetProxy = C0F0E622207A224600222E9B /* PBXContainerItemProxy */;
		};
/* End PBXTargetDependency section */

/* Begin PBXVariantGroup section */
		C0F0E607207A224600222E9B /* Main.storyboard */ = {
			isa = PBXVariantGroup;
			children = (
				C0F0E608207A224600222E9B /* Base */,
			);
			name = Main.storyboard;
			sourceTree = "<group>";
		};
		C0F0E60C207A224600222E9B /* LaunchScreen.storyboard */ = {
			isa = PBXVariantGroup;
			children = (
				C0F0E60D207A224600222E9B /* Base */,
			);
			name = LaunchScreen.storyboard;
			sourceTree = "<group>";
		};
/* End PBXVariantGroup section */

/* Begin XCBuildConfiguration section */
		C0F0E628207A224600222E9B /* Debug */ = {
			isa = XCBuildConfiguration;
			buildSettings = {
				ALWAYS_SEARCH_USER_PATHS = NO;
				CLANG_ANALYZER_NONNULL = YES;
				CLANG_ANALYZER_NUMBER_OBJECT_CONVERSION = YES_AGGRESSIVE;
				CLANG_CXX_LANGUAGE_STANDARD = "gnu++14";
				CLANG_CXX_LIBRARY = "libc++";
				CLANG_ENABLE_MODULES = YES;
				CLANG_ENABLE_OBJC_ARC = YES;
				CLANG_WARN_BLOCK_CAPTURE_AUTORELEASING = YES;
				CLANG_WARN_BOOL_CONVERSION = YES;
				CLANG_WARN_COMMA = YES;
				CLANG_WARN_CONSTANT_CONVERSION = YES;
				CLANG_WARN_DIRECT_OBJC_ISA_USAGE = YES_ERROR;
				CLANG_WARN_DOCUMENTATION_COMMENTS = YES;
				CLANG_WARN_EMPTY_BODY = YES;
				CLANG_WARN_ENUM_CONVERSION = YES;
				CLANG_WARN_INFINITE_RECURSION = YES;
				CLANG_WARN_INT_CONVERSION = YES;
				CLANG_WARN_NON_LITERAL_NULL_CONVERSION = YES;
				CLANG_WARN_OBJC_LITERAL_CONVERSION = YES;
				CLANG_WARN_OBJC_ROOT_CLASS = YES_ERROR;
				CLANG_WARN_RANGE_LOOP_ANALYSIS = YES;
				CLANG_WARN_STRICT_PROTOTYPES = YES;
				CLANG_WARN_SUSPICIOUS_MOVE = YES;
				CLANG_WARN_UNGUARDED_AVAILABILITY = YES_AGGRESSIVE;
				CLANG_WARN_UNREACHABLE_CODE = YES;
				CLANG_WARN__DUPLICATE_METHOD_MATCH = YES;
				CODE_SIGN_IDENTITY = "iPhone Developer";
				COPY_PHASE_STRIP = NO;
				DEBUG_INFORMATION_FORMAT = dwarf;
				ENABLE_STRICT_OBJC_MSGSEND = YES;
				ENABLE_TESTABILITY = YES;
				GCC_C_LANGUAGE_STANDARD = gnu11;
				GCC_DYNAMIC_NO_PIC = NO;
				GCC_NO_COMMON_BLOCKS = YES;
				GCC_OPTIMIZATION_LEVEL = 0;
				GCC_PREPROCESSOR_DEFINITIONS = (
					"DEBUG=1",
					"$(inherited)",
				);
				GCC_WARN_64_TO_32_BIT_CONVERSION = YES;
				GCC_WARN_ABOUT_RETURN_TYPE = YES_ERROR;
				GCC_WARN_UNDECLARED_SELECTOR = YES;
				GCC_WARN_UNINITIALIZED_AUTOS = YES_AGGRESSIVE;
				GCC_WARN_UNUSED_FUNCTION = YES;
				GCC_WARN_UNUSED_VARIABLE = YES;
				IPHONEOS_DEPLOYMENT_TARGET = 11.2;
				MTL_ENABLE_DEBUG_INFO = YES;
				ONLY_ACTIVE_ARCH = YES;
				SDKROOT = iphoneos;
			};
			name = Debug;
		};
		C0F0E629207A224600222E9B /* Release */ = {
			isa = XCBuildConfiguration;
			buildSettings = {
				ALWAYS_SEARCH_USER_PATHS = NO;
				CLANG_ANALYZER_NONNULL = YES;
				CLANG_ANALYZER_NUMBER_OBJECT_CONVERSION = YES_AGGRESSIVE;
				CLANG_CXX_LANGUAGE_STANDARD = "gnu++14";
				CLANG_CXX_LIBRARY = "libc++";
				CLANG_ENABLE_MODULES = YES;
				CLANG_ENABLE_OBJC_ARC = YES;
				CLANG_WARN_BLOCK_CAPTURE_AUTORELEASING = YES;
				CLANG_WARN_BOOL_CONVERSION = YES;
				CLANG_WARN_COMMA = YES;
				CLANG_WARN_CONSTANT_CONVERSION = YES;
				CLANG_WARN_DIRECT_OBJC_ISA_USAGE = YES_ERROR;
				CLANG_WARN_DOCUMENTATION_COMMENTS = YES;
				CLANG_WARN_EMPTY_BODY = YES;
				CLANG_WARN_ENUM_CONVERSION = YES;
				CLANG_WARN_INFINITE_RECURSION = YES;
				CLANG_WARN_INT_CONVERSION = YES;
				CLANG_WARN_NON_LITERAL_NULL_CONVERSION = YES;
				CLANG_WARN_OBJC_LITERAL_CONVERSION = YES;
				CLANG_WARN_OBJC_ROOT_CLASS = YES_ERROR;
				CLANG_WARN_RANGE_LOOP_ANALYSIS = YES;
				CLANG_WARN_STRICT_PROTOTYPES = YES;
				CLANG_WARN_SUSPICIOUS_MOVE = YES;
				CLANG_WARN_UNGUARDED_AVAILABILITY = YES_AGGRESSIVE;
				CLANG_WARN_UNREACHABLE_CODE = YES;
				CLANG_WARN__DUPLICATE_METHOD_MATCH = YES;
				CODE_SIGN_IDENTITY = "iPhone Developer";
				COPY_PHASE_STRIP = NO;
				DEBUG_INFORMATION_FORMAT = "dwarf-with-dsym";
				ENABLE_NS_ASSERTIONS = NO;
				ENABLE_STRICT_OBJC_MSGSEND = YES;
				GCC_C_LANGUAGE_STANDARD = gnu11;
				GCC_NO_COMMON_BLOCKS = YES;
				GCC_WARN_64_TO_32_BIT_CONVERSION = YES;
				GCC_WARN_ABOUT_RETURN_TYPE = YES_ERROR;
				GCC_WARN_UNDECLARED_SELECTOR = YES;
				GCC_WARN_UNINITIALIZED_AUTOS = YES_AGGRESSIVE;
				GCC_WARN_UNUSED_FUNCTION = YES;
				GCC_WARN_UNUSED_VARIABLE = YES;
				IPHONEOS_DEPLOYMENT_TARGET = 11.2;
				MTL_ENABLE_DEBUG_INFO = NO;
				SDKROOT = iphoneos;
				VALIDATE_PRODUCT = YES;
			};
			name = Release;
		};
		C0F0E62B207A224600222E9B /* Debug */ = {
			isa = XCBuildConfiguration;
			buildSettings = {
				ASSETCATALOG_COMPILER_APPICON_NAME = AppIcon;
				CODE_SIGN_STYLE = Automatic;
				INFOPLIST_FILE = layerT/Info.plist;
				LD_RUNPATH_SEARCH_PATHS = "$(inherited) @executable_path/Frameworks";
				PRODUCT_BUNDLE_IDENTIFIER = com.cpbee.layerT;
				PRODUCT_NAME = "$(TARGET_NAME)";
				TARGETED_DEVICE_FAMILY = "1,2";
			};
			name = Debug;
		};
		C0F0E62C207A224600222E9B /* Release */ = {
			isa = XCBuildConfiguration;
			buildSettings = {
				ASSETCATALOG_COMPILER_APPICON_NAME = AppIcon;
				CODE_SIGN_STYLE = Automatic;
				INFOPLIST_FILE = layerT/Info.plist;
				LD_RUNPATH_SEARCH_PATHS = "$(inherited) @executable_path/Frameworks";
				PRODUCT_BUNDLE_IDENTIFIER = com.cpbee.layerT;
				PRODUCT_NAME = "$(TARGET_NAME)";
				TARGETED_DEVICE_FAMILY = "1,2";
			};
			name = Release;
		};
		C0F0E62E207A224600222E9B /* Debug */ = {
			isa = XCBuildConfiguration;
			buildSettings = {
				BUNDLE_LOADER = "$(TEST_HOST)";
				CODE_SIGN_STYLE = Automatic;
				INFOPLIST_FILE = layerTTests/Info.plist;
				LD_RUNPATH_SEARCH_PATHS = "$(inherited) @executable_path/Frameworks @loader_path/Frameworks";
				PRODUCT_BUNDLE_IDENTIFIER = com.cpbee.layerTTests;
				PRODUCT_NAME = "$(TARGET_NAME)";
				TARGETED_DEVICE_FAMILY = "1,2";
				TEST_HOST = "$(BUILT_PRODUCTS_DIR)/layerT.app/layerT";
			};
			name = Debug;
		};
		C0F0E62F207A224600222E9B /* Release */ = {
			isa = XCBuildConfiguration;
			buildSettings = {
				BUNDLE_LOADER = "$(TEST_HOST)";
				CODE_SIGN_STYLE = Automatic;
				INFOPLIST_FILE = layerTTests/Info.plist;
				LD_RUNPATH_SEARCH_PATHS = "$(inherited) @executable_path/Frameworks @loader_path/Frameworks";
				PRODUCT_BUNDLE_IDENTIFIER = com.cpbee.layerTTests;
				PRODUCT_NAME = "$(TARGET_NAME)";
				TARGETED_DEVICE_FAMILY = "1,2";
				TEST_HOST = "$(BUILT_PRODUCTS_DIR)/layerT.app/layerT";
			};
			name = Release;
		};
		C0F0E631207A224600222E9B /* Debug */ = {
			isa = XCBuildConfiguration;
			buildSettings = {
				CODE_SIGN_STYLE = Automatic;
				INFOPLIST_FILE = layerTUITests/Info.plist;
				LD_RUNPATH_SEARCH_PATHS = "$(inherited) @executable_path/Frameworks @loader_path/Frameworks";
				PRODUCT_BUNDLE_IDENTIFIER = com.cpbee.layerTUITests;
				PRODUCT_NAME = "$(TARGET_NAME)";
				TARGETED_DEVICE_FAMILY = "1,2";
				TEST_TARGET_NAME = layerT;
			};
			name = Debug;
		};
		C0F0E632207A224600222E9B /* Release */ = {
			isa = XCBuildConfiguration;
			buildSettings = {
				CODE_SIGN_STYLE = Automatic;
				INFOPLIST_FILE = layerTUITests/Info.plist;
				LD_RUNPATH_SEARCH_PATHS = "$(inherited) @executable_path/Frameworks @loader_path/Frameworks";
				PRODUCT_BUNDLE_IDENTIFIER = com.cpbee.layerTUITests;
				PRODUCT_NAME = "$(TARGET_NAME)";
				TARGETED_DEVICE_FAMILY = "1,2";
				TEST_TARGET_NAME = layerT;
			};
			name = Release;
		};
/* End XCBuildConfiguration section */

/* Begin XCConfigurationList section */
		C0F0E5F9207A224600222E9B /* Build configuration list for PBXProject "layerT" */ = {
			isa = XCConfigurationList;
			buildConfigurations = (
				C0F0E628207A224600222E9B /* Debug */,
				C0F0E629207A224600222E9B /* Release */,
			);
			defaultConfigurationIsVisible = 0;
			defaultConfigurationName = Release;
		};
		C0F0E62A207A224600222E9B /* Build configuration list for PBXNativeTarget "layerT" */ = {
			isa = XCConfigurationList;
			buildConfigurations = (
				C0F0E62B207A224600222E9B /* Debug */,
				C0F0E62C207A224600222E9B /* Release */,
			);
			defaultConfigurationIsVisible = 0;
			defaultConfigurationName = Release;
		};
		C0F0E62D207A224600222E9B /* Build configuration list for PBXNativeTarget "layerTTests" */ = {
			isa = XCConfigurationList;
			buildConfigurations = (
				C0F0E62E207A224600222E9B /* Debug */,
				C0F0E62F207A224600222E9B /* Release */,
			);
			defaultConfigurationIsVisible = 0;
			defaultConfigurationName = Release;
		};
		C0F0E630207A224600222E9B /* Build configuration list for PBXNativeTarget "layerTUITests" */ = {
			isa = XCConfigurationList;
			buildConfigurations = (
				C0F0E631207A224600222E9B /* Debug */,
				C0F0E632207A224600222E9B /* Release */,
			);
			defaultConfigurationIsVisible = 0;
			defaultConfigurationName = Release;
		};
/* End XCConfigurationList section */
	};
	rootObject = C0F0E5F6207A224600222E9B /* Project object */;
}
